
Microsoft Visual Studio Solution File, Format Version 12.00
# Visual Studio 15
VisualStudioVersion = 15.0.27703.2035
MinimumVisualStudioVersion = 10.0.40219.1
Project("{FAE04EC0-301F-11D3-BF4B-00C04F79EFBC}") = "Intelvision", "Intelvision\Intelvision.csproj", "{D77144BD-D082-4156-977A-19B0AE498EA8}"
EndProject
Global
	GlobalSection(SolutionConfigurationPlatforms) = preSolution
		Debug|Any CPU = Debug|Any CPU
		Release|Any CPU = Release|Any CPU
	EndGlobalSection
	GlobalSection(ProjectConfigurationPlatforms) = postSolution
		{D77144BD-D082-4156-977A-19B0AE498EA8}.Debug|Any CPU.ActiveCfg = Debug|Any CPU
		{D77144BD-D082-4156-977A-19B0AE498EA8}.Debug|Any CPU.Build.0 = Debug|Any CPU
		{D77144BD-D082-4156-977A-19B0AE498EA8}.Release|Any CPU.ActiveCfg = Release|Any CPU
		{D77144BD-D082-4156-977A-19B0AE498EA8}.Release|Any CPU.Build.0 = Release|Any CPU
	EndGlobalSection
	GlobalSection(SolutionProperties) = preSolution
		HideSolutionNode = FALSE
	EndGlobalSection
	GlobalSection(ExtensibilityGlobals) = postSolution
		SolutionGuid = {A86EE1BE-452F-45A6-9BF6-B7764F7DDE02}
	EndGlobalSection
EndGlobal
